
Microsoft Visual Studio Solution File, Format Version 11.00
# Visual Studio 2010
Project("{FAE04EC0-301F-11D3-BF4B-00C04F79EFBC}") = "Assembly-CSharp", "Assembly-CSharp.csproj", "{d8e78b96-25ba-67ce-2a4d-3ad3f61b2bf0}"
EndProject
Project("{FAE04EC0-301F-11D3-BF4B-00C04F79EFBC}") = "Tests", "Tests.csproj", "{a561e097-4496-ce56-9cfb-85ec5a05beb3}"
EndProject
Project("{FAE04EC0-301F-11D3-BF4B-00C04F79EFBC}") = "Assembly-CSharp-Editor", "Assembly-CSharp-Editor.csproj", "{abac82b2-4433-5c73-c6b5-641d2b33db12}"
EndProject
Global
	GlobalSection(SolutionConfigurationPlatforms) = preSolution
		Debug|Any CPU = Debug|Any CPU
	EndGlobalSection
	GlobalSection(ProjectConfigurationPlatforms) = postSolution
		{d8e78b96-25ba-67ce-2a4d-3ad3f61b2bf0}.Debug|Any CPU.ActiveCfg = Debug|Any CPU
		{d8e78b96-25ba-67ce-2a4d-3ad3f61b2bf0}.Debug|Any CPU.Build.0 = Debug|Any CPU
		{a561e097-4496-ce56-9cfb-85ec5a05beb3}.Debug|Any CPU.ActiveCfg = Debug|Any CPU
		{a561e097-4496-ce56-9cfb-85ec5a05beb3}.Debug|Any CPU.Build.0 = Debug|Any CPU
		{abac82b2-4433-5c73-c6b5-641d2b33db12}.Debug|Any CPU.ActiveCfg = Debug|Any CPU
		{abac82b2-4433-5c73-c6b5-641d2b33db12}.Debug|Any CPU.Build.0 = Debug|Any CPU
	EndGlobalSection
	GlobalSection(SolutionProperties) = preSolution
		HideSolutionNode = FALSE
	EndGlobalSection
EndGlobal
